// !$*UTF8*$!
{
	archiveVersion = 1;
	classes = {
	};
	objectVersion = 46;
	objects = {

/* Begin PBXBuildFile section */
		A2BA65501E81A63400B8E34B /* AppDelegate.swift in Sources */ = {isa = PBXBuildFile; fileRef = A2BA654F1E81A63400B8E34B /* AppDelegate.swift */; };
		A2BA65521E81A63400B8E34B /* ViewController.swift in Sources */ = {isa = PBXBuildFile; fileRef = A2BA65511E81A63400B8E34B /* ViewController.swift */; };
		A2BA65551E81A63400B8E34B /* Main.storyboard in Resources */ = {isa = PBXBuildFile; fileRef = A2BA65531E81A63400B8E34B /* Main.storyboard */; };
		A2BA65571E81A63400B8E34B /* Assets.xcassets in Resources */ = {isa = PBXBuildFile; fileRef = A2BA65561E81A63400B8E34B /* Assets.xcassets */; };
		A2BA655A1E81A63400B8E34B /* LaunchScreen.storyboard in Resources */ = {isa = PBXBuildFile; fileRef = A2BA65581E81A63400B8E34B /* LaunchScreen.storyboard */; };
/* End PBXBuildFile section */

/* Begin PBXFileReference section */
		A2BA654C1E81A63400B8E34B /* World_Weather.app */ = {isa = PBXFileReference; explicitFileType = wrapper.application; includeInIndex = 0; path = World_Weather.app; sourceTree = BUILT_PRODUCTS_DIR; };
		A2BA654F1E81A63400B8E34B /* AppDelegate.swift */ = {isa = PBXFileReference; lastKnownFileType = sourcecode.swift; path = AppDelegate.swift; sourceTree = "<group>"; };
		A2BA65511E81A63400B8E34B /* ViewController.swift */ = {isa = PBXFileReference; lastKnownFileType = sourcecode.swift; path = ViewController.swift; sourceTree = "<group>"; };
		A2BA65541E81A63400B8E34B /* Base */ = {isa = PBXFileReference; lastKnownFileType = file.storyboard; name = Base; path = Base.lproj/Main.storyboard; sourceTree = "<group>"; };
		A2BA65561E81A63400B8E34B /* Assets.xcassets */ = {isa = PBXFileReference; lastKnownFileType = folder.assetcatalog; path = Assets.xcassets; sourceTree = "<group>"; };
		A2BA65591E81A63400B8E34B /* Base */ = {isa = PBXFileReference; lastKnownFileType = file.storyboard; name = Base; path = Base.lproj/LaunchScreen.storyboard; sourceTree = "<group>"; };
		A2BA655B1E81A63400B8E34B /* Info.plist */ = {isa = PBXFileReference; lastKnownFileType = text.plist.xml; path = Info.plist; sourceTree = "<group>"; };
/* End PBXFileReference section */

/* Begin PBXFrameworksBuildPhase section */
		A2BA65491E81A63400B8E34B /* Frameworks */ = {
			isa = PBXFrameworksBuildPhase;
			buildActionMask = 2147483647;
			files = (
			);
			runOnlyForDeploymentPostprocessing = 0;
		};
/* End PBXFrameworksBuildPhase section */

/* Begin PBXGroup section */
		A2BA65431E81A63400B8E34B = {
			isa = PBXGroup;
			children = (
				A2BA654E1E81A63400B8E34B /* World_Weather */,
				A2BA654D1E81A63400B8E34B /* Products */,
			);
			sourceTree = "<group>";
		};
		A2BA654D1E81A63400B8E34B /* Products */ = {
			isa = PBXGroup;
			children = (
				A2BA654C1E81A63400B8E34B /* World_Weather.app */,
			);
			name = Products;
			sourceTree = "<group>";
		};
		A2BA654E1E81A63400B8E34B /* World_Weather */ = {
			isa = PBXGroup;
			children = (
				A2BA654F1E81A63400B8E34B /* AppDelegate.swift */,
				A2BA65511E81A63400B8E34B /* ViewController.swift */,
				A2BA65531E81A63400B8E34B /* Main.storyboard */,
				A2BA65561E81A63400B8E34B /* Assets.xcassets */,
				A2BA65581E81A63400B8E34B /* LaunchScreen.storyboard */,
				A2BA655B1E81A63400B8E34B /* Info.plist */,
			);
			path = World_Weather;
			sourceTree = "<group>";
		};
/* End PBXGroup section */

/* Begin PBXNativeTarget section */
		A2BA654B1E81A63400B8E34B /* World_Weather */ = {
			isa = PBXNativeTarget;
			buildConfigurationList = A2BA655E1E81A63400B8E34B /* Build configuration list for PBXNativeTarget "World_Weather" */;
			buildPhases = (
				A2BA65481E81A63400B8E34B /* Sources */,
				A2BA65491E81A63400B8E34B /* Frameworks */,
				A2BA654A1E81A63400B8E34B /* Resources */,
			);
			buildRules = (
			);
			dependencies = (
			);
			name = World_Weather;
			productName = World_Weather;
			productReference = A2BA654C1E81A63400B8E34B /* World_Weather.app */;
			productType = "com.apple.product-type.application";
		};
/* End PBXNativeTarget section */

/* Begin PBXProject section */
		A2BA65441E81A63400B8E34B /* Project object */ = {
			isa = PBXProject;
			attributes = {
				LastSwiftUpdateCheck = 0820;
				LastUpgradeCheck = 0820;
				ORGANIZATIONNAME = "Verma,Monish";
				TargetAttributes = {
					A2BA654B1E81A63400B8E34B = {
						CreatedOnToolsVersion = 8.2.1;
						ProvisioningStyle = Automatic;
					};
				};
			};
			buildConfigurationList = A2BA65471E81A63400B8E34B /* Build configuration list for PBXProject "World_Weather" */;
			compatibilityVersion = "Xcode 3.2";
			developmentRegion = English;
			hasScannedForEncodings = 0;
			knownRegions = (
				en,
				Base,
			);
			mainGroup = A2BA65431E81A63400B8E34B;
			productRefGroup = A2BA654D1E81A63400B8E34B /* Products */;
			projectDirPath = "";
			projectRoot = "";
			targets = (
				A2BA654B1E81A63400B8E34B /* World_Weather */,
			);
		};
/* End PBXProject section */

/* Begin PBXResourcesBuildPhase section */
		A2BA654A1E81A63400B8E34B /* Resources */ = {
			isa = PBXResourcesBuildPhase;
			buildActionMask = 2147483647;
			files = (
				A2BA655A1E81A63400B8E34B /* LaunchScreen.storyboard in Resources */,
				A2BA65571E81A63400B8E34B /* Assets.xcassets in Resources */,
				A2BA65551E81A63400B8E34B /* Main.storyboard in Resources */,
			);
			runOnlyForDeploymentPostprocessing = 0;
		};
/* End PBXResourcesBuildPhase section */

/* Begin PBXSourcesBuildPhase section */
		A2BA65481E81A63400B8E34B /* Sources */ = {
			isa = PBXSourcesBuildPhase;
			buildActionMask = 2147483647;
			files = (
				A2BA65521E81A63400B8E34B /* ViewController.swift in Sources */,
				A2BA65501E81A63400B8E34B /* AppDelegate.swift in Sources */,
			);
			runOnlyForDeploymentPostprocessing = 0;
		};
/* End PBXSourcesBuildPhase section */

/* Begin PBXVariantGroup section */
		A2BA65531E81A63400B8E34B /* Main.storyboard */ = {
			isa = PBXVariantGroup;
			children = (
				A2BA65541E81A63400B8E34B /* Base */,
			);
			name = Main.storyboard;
			sourceTree = "<group>";
		};
		A2BA65581E81A63400B8E34B /* LaunchScreen.storyboard */ = {
			isa = PBXVariantGroup;
			children = (
				A2BA65591E81A63400B8E34B /* Base */,
			);
			name = LaunchScreen.storyboard;
			sourceTree = "<group>";
		};
/* End PBXVariantGroup section */

/* Begin XCBuildConfiguration section */
		A2BA655C1E81A63400B8E34B /* Debug */ = {
			isa = XCBuildConfiguration;
			buildSettings = {
				ALWAYS_SEARCH_USER_PATHS = NO;
				CLANG_ANALYZER_NONNULL = YES;
				CLANG_CXX_LANGUAGE_STANDARD = "gnu++0x";
				CLANG_CXX_LIBRARY = "libc++";
				CLANG_ENABLE_MODULES = YES;
				CLANG_ENABLE_OBJC_ARC = YES;
				CLANG_WARN_BOOL_CONVERSION = YES;
				CLANG_WARN_CONSTANT_CONVERSION = YES;
				CLANG_WARN_DIRECT_OBJC_ISA_USAGE = YES_ERROR;
				CLANG_WARN_DOCUMENTATION_COMMENTS = YES;
				CLANG_WARN_EMPTY_BODY = YES;
				CLANG_WARN_ENUM_CONVERSION = YES;
				CLANG_WARN_INFINITE_RECURSION = YES;
				CLANG_WARN_INT_CONVERSION = YES;
				CLANG_WARN_OBJC_ROOT_CLASS = YES_ERROR;
				CLANG_WARN_SUSPICIOUS_MOVE = YES;
				CLANG_WARN_UNREACHABLE_CODE = YES;
				CLANG_WARN__DUPLICATE_METHOD_MATCH = YES;
				"CODE_SIGN_IDENTITY[sdk=iphoneos*]" = "iPhone Developer";
				COPY_PHASE_STRIP = NO;
				DEBUG_INFORMATION_FORMAT = dwarf;
				ENABLE_STRICT_OBJC_MSGSEND = YES;
				ENABLE_TESTABILITY = YES;
				GCC_C_LANGUAGE_STANDARD = gnu99;
				GCC_DYNAMIC_NO_PIC = NO;
				GCC_NO_COMMON_BLOCKS = YES;
				GCC_OPTIMIZATION_LEVEL = 0;
				GCC_PREPROCESSOR_DEFINITIONS = (
					"DEBUG=1",
					"$(inherited)",
				);
				GCC_WARN_64_TO_32_BIT_CONVERSION = YES;
				GCC_WARN_ABOUT_RETURN_TYPE = YES_ERROR;
				GCC_WARN_UNDECLARED_SELECTOR = YES;
				GCC_WARN_UNINITIALIZED_AUTOS = YES_AGGRESSIVE;
				GCC_WARN_UNUSED_FUNCTION = YES;
				GCC_WARN_UNUSED_VARIABLE = YES;
				IPHONEOS_DEPLOYMENT_TARGET = 10.2;
				MTL_ENABLE_DEBUG_INFO = YES;
				ONLY_ACTIVE_ARCH = YES;
				SDKROOT = iphoneos;
				SWIFT_ACTIVE_COMPILATION_CONDITIONS = DEBUG;
				SWIFT_OPTIMIZATION_LEVEL = "-Onone";
				TARGETED_DEVICE_FAMILY = "1,2";
			};
			name = Debug;
		};
		A2BA655D1E81A63400B8E34B /* Release */ = {
			isa = XCBuildConfiguration;
			buildSettings = {
				ALWAYS_SEARCH_USER_PATHS = NO;
				CLANG_ANALYZER_NONNULL = YES;
				CLANG_CXX_LANGUAGE_STANDARD = "gnu++0x";
				CLANG_CXX_LIBRARY = "libc++";
				CLANG_ENABLE_MODULES = YES;
				CLANG_ENABLE_OBJC_ARC = YES;
				CLANG_WARN_BOOL_CONVERSION = YES;
				CLANG_WARN_CONSTANT_CONVERSION = YES;
				CLANG_WARN_DIRECT_OBJC_ISA_USAGE = YES_ERROR;
				CLANG_WARN_DOCUMENTATION_COMMENTS = YES;
				CLANG_WARN_EMPTY_BODY = YES;
				CLANG_WARN_ENUM_CONVERSION = YES;
				CLANG_WARN_INFINITE_RECURSION = YES;
				CLANG_WARN_INT_CONVERSION = YES;
				CLANG_WARN_OBJC_ROOT_CLASS = YES_ERROR;
				CLANG_WARN_SUSPICIOUS_MOVE = YES;
				CLANG_WARN_UNREACHABLE_CODE = YES;
				CLANG_WARN__DUPLICATE_METHOD_MATCH = YES;
				"CODE_SIGN_IDENTITY[sdk=iphoneos*]" = "iPhone Developer";
				COPY_PHASE_STRIP = NO;
				DEBUG_INFORMATION_FORMAT = "dwarf-with-dsym";
				ENABLE_NS_ASSERTIONS = NO;
				ENABLE_STRICT_OBJC_MSGSEND = YES;
				GCC_C_LANGUAGE_STANDARD = gnu99;
				GCC_NO_COMMON_BLOCKS = YES;
				GCC_WARN_64_TO_32_BIT_CONVERSION = YES;
				GCC_WARN_ABOUT_RETURN_TYPE = YES_ERROR;
				GCC_WARN_UNDECLARED_SELECTOR = YES;
				GCC_WARN_UNINITIALIZED_AUTOS = YES_AGGRESSIVE;
				GCC_WARN_UNUSED_FUNCTION = YES;
				GCC_WARN_UNUSED_VARIABLE = YES;
				IPHONEOS_DEPLOYMENT_TARGET = 10.2;
				MTL_ENABLE_DEBUG_INFO = NO;
				SDKROOT = iphoneos;
				SWIFT_OPTIMIZATION_LEVEL = "-Owholemodule";
				TARGETED_DEVICE_FAMILY = "1,2";
				VALIDATE_PRODUCT = YES;
			};
			name = Release;
		};
		A2BA655F1E81A63400B8E34B /* Debug */ = {
			isa = XCBuildConfiguration;
			buildSettings = {
				ASSETCATALOG_COMPILER_APPICON_NAME = AppIcon;
				INFOPLIST_FILE = World_Weather/Info.plist;
				LD_RUNPATH_SEARCH_PATHS = "$(inherited) @executable_path/Frameworks";
				PRODUCT_BUNDLE_IDENTIFIER = "com.nwmissouri.World-Weather";
				PRODUCT_NAME = "$(TARGET_NAME)";
				SWIFT_VERSION = 3.0;
			};
			name = Debug;
		};
		A2BA65601E81A63400B8E34B /* Release */ = {
			isa = XCBuildConfiguration;
			buildSettings = {
				ASSETCATALOG_COMPILER_APPICON_NAME = AppIcon;
				INFOPLIST_FILE = World_Weather/Info.plist;
				LD_RUNPATH_SEARCH_PATHS = "$(inherited) @executable_path/Frameworks";
				PRODUCT_BUNDLE_IDENTIFIER = "com.nwmissouri.World-Weather";
				PRODUCT_NAME = "$(TARGET_NAME)";
				SWIFT_VERSION = 3.0;
			};
			name = Release;
		};
/* End XCBuildConfiguration section */

/* Begin XCConfigurationList section */
		A2BA65471E81A63400B8E34B /* Build configuration list for PBXProject "World_Weather" */ = {
			isa = XCConfigurationList;
			buildConfigurations = (
				A2BA655C1E81A63400B8E34B /* Debug */,
				A2BA655D1E81A63400B8E34B /* Release */,
			);
			defaultConfigurationIsVisible = 0;
			defaultConfigurationName = Release;
		};
		A2BA655E1E81A63400B8E34B /* Build configuration list for PBXNativeTarget "World_Weather" */ = {
			isa = XCConfigurationList;
			buildConfigurations = (
				A2BA655F1E81A63400B8E34B /* Debug */,
				A2BA65601E81A63400B8E34B /* Release */,
			);
			defaultConfigurationIsVisible = 0;
		};
/* End XCConfigurationList section */
	};
	rootObject = A2BA65441E81A63400B8E34B /* Project object */;
}
